// !$*UTF8*$!
{
	archiveVersion = 1;
	classes = {
	};
	objectVersion = 46;
	objects = {

/* Begin PBXBuildFile section */
		05A021001DDED86D001DD465 /* main.m in Sources */ = {isa = PBXBuildFile; fileRef = 05A020FF1DDED86D001DD465 /* main.m */; };
		05A021031DDED86D001DD465 /* AppDelegate.m in Sources */ = {isa = PBXBuildFile; fileRef = 05A021021DDED86D001DD465 /* AppDelegate.m */; };
		05A021061DDED86D001DD465 /* ViewController.m in Sources */ = {isa = PBXBuildFile; fileRef = 05A021051DDED86D001DD465 /* ViewController.m */; };
		05A021091DDED86D001DD465 /* Main.storyboard in Resources */ = {isa = PBXBuildFile; fileRef = 05A021071DDED86D001DD465 /* Main.storyboard */; };
		05A0210B1DDED86D001DD465 /* Assets.xcassets in Resources */ = {isa = PBXBuildFile; fileRef = 05A0210A1DDED86D001DD465 /* Assets.xcassets */; };
		05A0210E1DDED86D001DD465 /* LaunchScreen.storyboard in Resources */ = {isa = PBXBuildFile; fileRef = 05A0210C1DDED86D001DD465 /* LaunchScreen.storyboard */; };
		05A021191DDED86D001DD465 /* ShowImageDemoTests.m in Sources */ = {isa = PBXBuildFile; fileRef = 05A021181DDED86D001DD465 /* ShowImageDemoTests.m */; };
		05A021241DDED86D001DD465 /* ShowImageDemoUITests.m in Sources */ = {isa = PBXBuildFile; fileRef = 05A021231DDED86D001DD465 /* ShowImageDemoUITests.m */; };
		05A021361DDED958001DD465 /* 1.jpg in Resources */ = {isa = PBXBuildFile; fileRef = 05A021311DDED958001DD465 /* 1.jpg */; };
		05A021371DDED958001DD465 /* 2.jpg in Resources */ = {isa = PBXBuildFile; fileRef = 05A021321DDED958001DD465 /* 2.jpg */; };
		05A021381DDED958001DD465 /* 3.jpg in Resources */ = {isa = PBXBuildFile; fileRef = 05A021331DDED958001DD465 /* 3.jpg */; };
		05A021391DDED958001DD465 /* 4.jpg in Resources */ = {isa = PBXBuildFile; fileRef = 05A021341DDED958001DD465 /* 4.jpg */; };
		05A0213A1DDED958001DD465 /* 5.jpg in Resources */ = {isa = PBXBuildFile; fileRef = 05A021351DDED958001DD465 /* 5.jpg */; };
		05A0213F1DDEDBFE001DD465 /* YFScrollView.m in Sources */ = {isa = PBXBuildFile; fileRef = 05A0213E1DDEDBFE001DD465 /* YFScrollView.m */; };
		05A021421DDEDC10001DD465 /* YFScaleView.m in Sources */ = {isa = PBXBuildFile; fileRef = 05A021411DDEDC10001DD465 /* YFScaleView.m */; };
/* End PBXBuildFile section */

/* Begin PBXContainerItemProxy section */
		05A021151DDED86D001DD465 /* PBXContainerItemProxy */ = {
			isa = PBXContainerItemProxy;
			containerPortal = 05A020F31DDED86D001DD465 /* Project object */;
			proxyType = 1;
			remoteGlobalIDString = 05A020FA1DDED86D001DD465;
			remoteInfo = ShowImageDemo;
		};
		05A021201DDED86D001DD465 /* PBXContainerItemProxy */ = {
			isa = PBXContainerItemProxy;
			containerPortal = 05A020F31DDED86D001DD465 /* Project object */;
			proxyType = 1;
			remoteGlobalIDString = 05A020FA1DDED86D001DD465;
			remoteInfo = ShowImageDemo;
		};
/* End PBXContainerItemProxy section */

/* Begin PBXFileReference section */
		05A020FB1DDED86D001DD465 /* ShowImageDemo.app */ = {isa = PBXFileReference; explicitFileType = wrapper.application; includeInIndex = 0; path = ShowImageDemo.app; sourceTree = BUILT_PRODUCTS_DIR; };
		05A020FF1DDED86D001DD465 /* main.m */ = {isa = PBXFileReference; lastKnownFileType = sourcecode.c.objc; path = main.m; sourceTree = "<group>"; };
		05A021011DDED86D001DD465 /* AppDelegate.h */ = {isa = PBXFileReference; lastKnownFileType = sourcecode.c.h; path = AppDelegate.h; sourceTree = "<group>"; };
		05A021021DDED86D001DD465 /* AppDelegate.m */ = {isa = PBXFileReference; lastKnownFileType = sourcecode.c.objc; path = AppDelegate.m; sourceTree = "<group>"; };
		05A021041DDED86D001DD465 /* ViewController.h */ = {isa = PBXFileReference; lastKnownFileType = sourcecode.c.h; path = ViewController.h; sourceTree = "<group>"; };
		05A021051DDED86D001DD465 /* ViewController.m */ = {isa = PBXFileReference; lastKnownFileType = sourcecode.c.objc; path = ViewController.m; sourceTree = "<group>"; };
		05A021081DDED86D001DD465 /* Base */ = {isa = PBXFileReference; lastKnownFileType = file.storyboard; name = Base; path = Base.lproj/Main.storyboard; sourceTree = "<group>"; };
		05A0210A1DDED86D001DD465 /* Assets.xcassets */ = {isa = PBXFileReference; lastKnownFileType = folder.assetcatalog; path = Assets.xcassets; sourceTree = "<group>"; };
		05A0210D1DDED86D001DD465 /* Base */ = {isa = PBXFileReference; lastKnownFileType = file.storyboard; name = Base; path = Base.lproj/LaunchScreen.storyboard; sourceTree = "<group>"; };
		05A0210F1DDED86D001DD465 /* Info.plist */ = {isa = PBXFileReference; lastKnownFileType = text.plist.xml; path = Info.plist; sourceTree = "<group>"; };
		05A021141DDED86D001DD465 /* ShowImageDemoTests.xctest */ = {isa = PBXFileReference; explicitFileType = wrapper.cfbundle; includeInIndex = 0; path = ShowImageDemoTests.xctest; sourceTree = BUILT_PRODUCTS_DIR; };
		05A021181DDED86D001DD465 /* ShowImageDemoTests.m */ = {isa = PBXFileReference; lastKnownFileType = sourcecode.c.objc; path = ShowImageDemoTests.m; sourceTree = "<group>"; };
		05A0211A1DDED86D001DD465 /* Info.plist */ = {isa = PBXFileReference; lastKnownFileType = text.plist.xml; path = Info.plist; sourceTree = "<group>"; };
		05A0211F1DDED86D001DD465 /* ShowImageDemoUITests.xctest */ = {isa = PBXFileReference; explicitFileType = wrapper.cfbundle; includeInIndex = 0; path = ShowImageDemoUITests.xctest; sourceTree = BUILT_PRODUCTS_DIR; };
		05A021231DDED86D001DD465 /* ShowImageDemoUITests.m */ = {isa = PBXFileReference; lastKnownFileType = sourcecode.c.objc; path = ShowImageDemoUITests.m; sourceTree = "<group>"; };
		05A021251DDED86D001DD465 /* Info.plist */ = {isa = PBXFileReference; lastKnownFileType = text.plist.xml; path = Info.plist; sourceTree = "<group>"; };
		05A021311DDED958001DD465 /* 1.jpg */ = {isa = PBXFileReference; lastKnownFileType = image.jpeg; path = 1.jpg; sourceTree = "<group>"; };
		05A021321DDED958001DD465 /* 2.jpg */ = {isa = PBXFileReference; lastKnownFileType = image.jpeg; path = 2.jpg; sourceTree = "<group>"; };
		05A021331DDED958001DD465 /* 3.jpg */ = {isa = PBXFileReference; lastKnownFileType = image.jpeg; path = 3.jpg; sourceTree = "<group>"; };
		05A021341DDED958001DD465 /* 4.jpg */ = {isa = PBXFileReference; lastKnownFileType = image.jpeg; path = 4.jpg; sourceTree = "<group>"; };
		05A021351DDED958001DD465 /* 5.jpg */ = {isa = PBXFileReference; lastKnownFileType = image.jpeg; path = 5.jpg; sourceTree = "<group>"; };
		05A0213D1DDEDBFE001DD465 /* YFScrollView.h */ = {isa = PBXFileReference; fileEncoding = 4; lastKnownFileType = sourcecode.c.h; path = YFScrollView.h; sourceTree = "<group>"; };
		05A0213E1DDEDBFE001DD465 /* YFScrollView.m */ = {isa = PBXFileReference; fileEncoding = 4; lastKnownFileType = sourcecode.c.objc; path = YFScrollView.m; sourceTree = "<group>"; };
		05A021401DDEDC10001DD465 /* YFScaleView.h */ = {isa = PBXFileReference; fileEncoding = 4; lastKnownFileType = sourcecode.c.h; path = YFScaleView.h; sourceTree = "<group>"; };
		05A021411DDEDC10001DD465 /* YFScaleView.m */ = {isa = PBXFileReference; fileEncoding = 4; lastKnownFileType = sourcecode.c.objc; path = YFScaleView.m; sourceTree = "<group>"; };
/* End PBXFileReference section */

/* Begin PBXFrameworksBuildPhase section */
		05A020F81DDED86D001DD465 /* Frameworks */ = {
			isa = PBXFrameworksBuildPhase;
			buildActionMask = 2147483647;
			files = (
			);
			runOnlyForDeploymentPostprocessing = 0;
		};
		05A021111DDED86D001DD465 /* Frameworks */ = {
			isa = PBXFrameworksBuildPhase;
			buildActionMask = 2147483647;
			files = (
			);
			runOnlyForDeploymentPostprocessing = 0;
		};
		05A0211C1DDED86D001DD465 /* Frameworks */ = {
			isa = PBXFrameworksBuildPhase;
			buildActionMask = 2147483647;
			files = (
			);
			runOnlyForDeploymentPostprocessing = 0;
		};
/* End PBXFrameworksBuildPhase section */

/* Begin PBXGroup section */
		05A020F21DDED86D001DD465 = {
			isa = PBXGroup;
			children = (
				05A021311DDED958001DD465 /* 1.jpg */,
				05A021321DDED958001DD465 /* 2.jpg */,
				05A021331DDED958001DD465 /* 3.jpg */,
				05A021341DDED958001DD465 /* 4.jpg */,
				05A021351DDED958001DD465 /* 5.jpg */,
				05A020FD1DDED86D001DD465 /* ShowImageDemo */,
				05A021171DDED86D001DD465 /* ShowImageDemoTests */,
				05A021221DDED86D001DD465 /* ShowImageDemoUITests */,
				05A020FC1DDED86D001DD465 /* Products */,
			);
			sourceTree = "<group>";
		};
		05A020FC1DDED86D001DD465 /* Products */ = {
			isa = PBXGroup;
			children = (
				05A020FB1DDED86D001DD465 /* ShowImageDemo.app */,
				05A021141DDED86D001DD465 /* ShowImageDemoTests.xctest */,
				05A0211F1DDED86D001DD465 /* ShowImageDemoUITests.xctest */,
			);
			name = Products;
			sourceTree = "<group>";
		};
		05A020FD1DDED86D001DD465 /* ShowImageDemo */ = {
			isa = PBXGroup;
			children = (
				05A0213C1DDED99C001DD465 /* YFCoreMethod */,
				05A021011DDED86D001DD465 /* AppDelegate.h */,
				05A021021DDED86D001DD465 /* AppDelegate.m */,
				05A021041DDED86D001DD465 /* ViewController.h */,
				05A021051DDED86D001DD465 /* ViewController.m */,
				05A021071DDED86D001DD465 /* Main.storyboard */,
				05A0210A1DDED86D001DD465 /* Assets.xcassets */,
				05A0210C1DDED86D001DD465 /* LaunchScreen.storyboard */,
				05A0210F1DDED86D001DD465 /* Info.plist */,
				05A020FE1DDED86D001DD465 /* Supporting Files */,
			);
			path = ShowImageDemo;
			sourceTree = "<group>";
		};
		05A020FE1DDED86D001DD465 /* Supporting Files */ = {
			isa = PBXGroup;
			children = (
				05A020FF1DDED86D001DD465 /* main.m */,
			);
			name = "Supporting Files";
			sourceTree = "<group>";
		};
		05A021171DDED86D001DD465 /* ShowImageDemoTests */ = {
			isa = PBXGroup;
			children = (
				05A021181DDED86D001DD465 /* ShowImageDemoTests.m */,
				05A0211A1DDED86D001DD465 /* Info.plist */,
			);
			path = ShowImageDemoTests;
			sourceTree = "<group>";
		};
		05A021221DDED86D001DD465 /* ShowImageDemoUITests */ = {
			isa = PBXGroup;
			children = (
				05A021231DDED86D001DD465 /* ShowImageDemoUITests.m */,
				05A021251DDED86D001DD465 /* Info.plist */,
			);
			path = ShowImageDemoUITests;
			sourceTree = "<group>";
		};
		05A0213C1DDED99C001DD465 /* YFCoreMethod */ = {
			isa = PBXGroup;
			children = (
				05A0213D1DDEDBFE001DD465 /* YFScrollView.h */,
				05A0213E1DDEDBFE001DD465 /* YFScrollView.m */,
				05A021401DDEDC10001DD465 /* YFScaleView.h */,
				05A021411DDEDC10001DD465 /* YFScaleView.m */,
			);
			path = YFCoreMethod;
			sourceTree = "<group>";
		};
/* End PBXGroup section */

/* Begin PBXNativeTarget section */
		05A020FA1DDED86D001DD465 /* ShowImageDemo */ = {
			isa = PBXNativeTarget;
			buildConfigurationList = 05A021281DDED86D001DD465 /* Build configuration list for PBXNativeTarget "ShowImageDemo" */;
			buildPhases = (
				05A020F71DDED86D001DD465 /* Sources */,
				05A020F81DDED86D001DD465 /* Frameworks */,
				05A020F91DDED86D001DD465 /* Resources */,
			);
			buildRules = (
			);
			dependencies = (
			);
			name = ShowImageDemo;
			productName = ShowImageDemo;
			productReference = 05A020FB1DDED86D001DD465 /* ShowImageDemo.app */;
			productType = "com.apple.product-type.application";
		};
		05A021131DDED86D001DD465 /* ShowImageDemoTests */ = {
			isa = PBXNativeTarget;
			buildConfigurationList = 05A0212B1DDED86D001DD465 /* Build configuration list for PBXNativeTarget "ShowImageDemoTests" */;
			buildPhases = (
				05A021101DDED86D001DD465 /* Sources */,
				05A021111DDED86D001DD465 /* Frameworks */,
				05A021121DDED86D001DD465 /* Resources */,
			);
			buildRules = (
			);
			dependencies = (
				05A021161DDED86D001DD465 /* PBXTargetDependency */,
			);
			name = ShowImageDemoTests;
			productName = ShowImageDemoTests;
			productReference = 05A021141DDED86D001DD465 /* ShowImageDemoTests.xctest */;
			productType = "com.apple.product-type.bundle.unit-test";
		};
		05A0211E1DDED86D001DD465 /* ShowImageDemoUITests */ = {
			isa = PBXNativeTarget;
			buildConfigurationList = 05A0212E1DDED86D001DD465 /* Build configuration list for PBXNativeTarget "ShowImageDemoUITests" */;
			buildPhases = (
				05A0211B1DDED86D001DD465 /* Sources */,
				05A0211C1DDED86D001DD465 /* Frameworks */,
				05A0211D1DDED86D001DD465 /* Resources */,
			);
			buildRules = (
			);
			dependencies = (
				05A021211DDED86D001DD465 /* PBXTargetDependency */,
			);
			name = ShowImageDemoUITests;
			productName = ShowImageDemoUITests;
			productReference = 05A0211F1DDED86D001DD465 /* ShowImageDemoUITests.xctest */;
			productType = "com.apple.product-type.bundle.ui-testing";
		};
/* End PBXNativeTarget section */

/* Begin PBXProject section */
		05A020F31DDED86D001DD465 /* Project object */ = {
			isa = PBXProject;
			attributes = {
				CLASSPREFIX = YF;
				LastUpgradeCheck = 0810;
				ORGANIZATIONNAME = "孙云飞";
				TargetAttributes = {
					05A020FA1DDED86D001DD465 = {
						CreatedOnToolsVersion = 8.1;
						DevelopmentTeam = 7DBWPU265V;
						ProvisioningStyle = Automatic;
					};
					05A021131DDED86D001DD465 = {
						CreatedOnToolsVersion = 8.1;
						DevelopmentTeam = 7DBWPU265V;
						ProvisioningStyle = Automatic;
						TestTargetID = 05A020FA1DDED86D001DD465;
					};
					05A0211E1DDED86D001DD465 = {
						CreatedOnToolsVersion = 8.1;
						DevelopmentTeam = 7DBWPU265V;
						ProvisioningStyle = Automatic;
						TestTargetID = 05A020FA1DDED86D001DD465;
					};
				};
			};
			buildConfigurationList = 05A020F61DDED86D001DD465 /* Build configuration list for PBXProject "ShowImageDemo" */;
			compatibilityVersion = "Xcode 3.2";
			developmentRegion = English;
			hasScannedForEncodings = 0;
			knownRegions = (
				en,
				Base,
			);
			mainGroup = 05A020F21DDED86D001DD465;
			productRefGroup = 05A020FC1DDED86D001DD465 /* Products */;
			projectDirPath = "";
			projectRoot = "";
			targets = (
				05A020FA1DDED86D001DD465 /* ShowImageDemo */,
				05A021131DDED86D001DD465 /* ShowImageDemoTests */,
				05A0211E1DDED86D001DD465 /* ShowImageDemoUITests */,
			);
		};
/* End PBXProject section */

/* Begin PBXResourcesBuildPhase section */
		05A020F91DDED86D001DD465 /* Resources */ = {
			isa = PBXResourcesBuildPhase;
			buildActionMask = 2147483647;
			files = (
				05A0210E1DDED86D001DD465 /* LaunchScreen.storyboard in Resources */,
				05A0213A1DDED958001DD465 /* 5.jpg in Resources */,
				05A021391DDED958001DD465 /* 4.jpg in Resources */,
				05A021361DDED958001DD465 /* 1.jpg in Resources */,
				05A021371DDED958001DD465 /* 2.jpg in Resources */,
				05A021381DDED958001DD465 /* 3.jpg in Resources */,
				05A0210B1DDED86D001DD465 /* Assets.xcassets in Resources */,
				05A021091DDED86D001DD465 /* Main.storyboard in Resources */,
			);
			runOnlyForDeploymentPostprocessing = 0;
		};
		05A021121DDED86D001DD465 /* Resources */ = {
			isa = PBXResourcesBuildPhase;
			buildActionMask = 2147483647;
			files = (
			);
			runOnlyForDeploymentPostprocessing = 0;
		};
		05A0211D1DDED86D001DD465 /* Resources */ = {
			isa = PBXResourcesBuildPhase;
			buildActionMask = 2147483647;
			files = (
			);
			runOnlyForDeploymentPostprocessing = 0;
		};
/* End PBXResourcesBuildPhase section */

/* Begin PBXSourcesBuildPhase section */
		05A020F71DDED86D001DD465 /* Sources */ = {
			isa = PBXSourcesBuildPhase;
			buildActionMask = 2147483647;
			files = (
				05A021421DDEDC10001DD465 /* YFScaleView.m in Sources */,
				05A021061DDED86D001DD465 /* ViewController.m in Sources */,
				05A021031DDED86D001DD465 /* AppDelegate.m in Sources */,
				05A0213F1DDEDBFE001DD465 /* YFScrollView.m in Sources */,
				05A021001DDED86D001DD465 /* main.m in Sources */,
			);
			runOnlyForDeploymentPostprocessing = 0;
		};
		05A021101DDED86D001DD465 /* Sources */ = {
			isa = PBXSourcesBuildPhase;
			buildActionMask = 2147483647;
			files = (
				05A021191DDED86D001DD465 /* ShowImageDemoTests.m in Sources */,
			);
			runOnlyForDeploymentPostprocessing = 0;
		};
		05A0211B1DDED86D001DD465 /* Sources */ = {
			isa = PBXSourcesBuildPhase;
			buildActionMask = 2147483647;
			files = (
				05A021241DDED86D001DD465 /* ShowImageDemoUITests.m in Sources */,
			);
			runOnlyForDeploymentPostprocessing = 0;
		};
/* End PBXSourcesBuildPhase section */

/* Begin PBXTargetDependency section */
		05A021161DDED86D001DD465 /* PBXTargetDependency */ = {
			isa = PBXTargetDependency;
			target = 05A020FA1DDED86D001DD465 /* ShowImageDemo */;
			targetProxy = 05A021151DDED86D001DD465 /* PBXContainerItemProxy */;
		};
		05A021211DDED86D001DD465 /* PBXTargetDependency */ = {
			isa = PBXTargetDependency;
			target = 05A020FA1DDED86D001DD465 /* ShowImageDemo */;
			targetProxy = 05A021201DDED86D001DD465 /* PBXContainerItemProxy */;
		};
/* End PBXTargetDependency section */

/* Begin PBXVariantGroup section */
		05A021071DDED86D001DD465 /* Main.storyboard */ = {
			isa = PBXVariantGroup;
			children = (
				05A021081DDED86D001DD465 /* Base */,
			);
			name = Main.storyboard;
			sourceTree = "<group>";
		};
		05A0210C1DDED86D001DD465 /* LaunchScreen.storyboard */ = {
			isa = PBXVariantGroup;
			children = (
				05A0210D1DDED86D001DD465 /* Base */,
			);
			name = LaunchScreen.storyboard;
			sourceTree = "<group>";
		};
/* End PBXVariantGroup section */

/* Begin XCBuildConfiguration section */
		05A021261DDED86D001DD465 /* Debug */ = {
			isa = XCBuildConfiguration;
			buildSettings = {
				ALWAYS_SEARCH_USER_PATHS = NO;
				CLANG_ANALYZER_NONNULL = YES;
				CLANG_CXX_LANGUAGE_STANDARD = "gnu++0x";
				CLANG_CXX_LIBRARY = "libc++";
				CLANG_ENABLE_MODULES = YES;
				CLANG_ENABLE_OBJC_ARC = YES;
				CLANG_WARN_BOOL_CONVERSION = YES;
				CLANG_WARN_CONSTANT_CONVERSION = YES;
				CLANG_WARN_DIRECT_OBJC_ISA_USAGE = YES_ERROR;
				CLANG_WARN_DOCUMENTATION_COMMENTS = YES;
				CLANG_WARN_EMPTY_BODY = YES;
				CLANG_WARN_ENUM_CONVERSION = YES;
				CLANG_WARN_INFINITE_RECURSION = YES;
				CLANG_WARN_INT_CONVERSION = YES;
				CLANG_WARN_OBJC_ROOT_CLASS = YES_ERROR;
				CLANG_WARN_SUSPICIOUS_MOVES = YES;
				CLANG_WARN_UNREACHABLE_CODE = YES;
				CLANG_WARN__DUPLICATE_METHOD_MATCH = YES;
				"CODE_SIGN_IDENTITY[sdk=iphoneos*]" = "iPhone Developer";
				COPY_PHASE_STRIP = NO;
				DEBUG_INFORMATION_FORMAT = dwarf;
				ENABLE_STRICT_OBJC_MSGSEND = YES;
				ENABLE_TESTABILITY = YES;
				GCC_C_LANGUAGE_STANDARD = gnu99;
				GCC_DYNAMIC_NO_PIC = NO;
				GCC_NO_COMMON_BLOCKS = YES;
				GCC_OPTIMIZATION_LEVEL = 0;
				GCC_PREPROCESSOR_DEFINITIONS = (
					"DEBUG=1",
					"$(inherited)",
				);
				GCC_WARN_64_TO_32_BIT_CONVERSION = YES;
				GCC_WARN_ABOUT_RETURN_TYPE = YES_ERROR;
				GCC_WARN_UNDECLARED_SELECTOR = YES;
				GCC_WARN_UNINITIALIZED_AUTOS = YES_AGGRESSIVE;
				GCC_WARN_UNUSED_FUNCTION = YES;
				GCC_WARN_UNUSED_VARIABLE = YES;
				IPHONEOS_DEPLOYMENT_TARGET = 10.1;
				MTL_ENABLE_DEBUG_INFO = YES;
				ONLY_ACTIVE_ARCH = YES;
				SDKROOT = iphoneos;
			};
			name = Debug;
		};
		05A021271DDED86D001DD465 /* Release */ = {
			isa = XCBuildConfiguration;
			buildSettings = {
				ALWAYS_SEARCH_USER_PATHS = NO;
				CLANG_ANALYZER_NONNULL = YES;
				CLANG_CXX_LANGUAGE_STANDARD = "gnu++0x";
				CLANG_CXX_LIBRARY = "libc++";
				CLANG_ENABLE_MODULES = YES;
				CLANG_ENABLE_OBJC_ARC = YES;
				CLANG_WARN_BOOL_CONVERSION = YES;
				CLANG_WARN_CONSTANT_CONVERSION = YES;
				CLANG_WARN_DIRECT_OBJC_ISA_USAGE = YES_ERROR;
				CLANG_WARN_DOCUMENTATION_COMMENTS = YES;
				CLANG_WARN_EMPTY_BODY = YES;
				CLANG_WARN_ENUM_CONVERSION = YES;
				CLANG_WARN_INFINITE_RECURSION = YES;
				CLANG_WARN_INT_CONVERSION = YES;
				CLANG_WARN_OBJC_ROOT_CLASS = YES_ERROR;
				CLANG_WARN_SUSPICIOUS_MOVES = YES;
				CLANG_WARN_UNREACHABLE_CODE = YES;
				CLANG_WARN__DUPLICATE_METHOD_MATCH = YES;
				"CODE_SIGN_IDENTITY[sdk=iphoneos*]" = "iPhone Developer";
				COPY_PHASE_STRIP = NO;
				DEBUG_INFORMATION_FORMAT = "dwarf-with-dsym";
				ENABLE_NS_ASSERTIONS = NO;
				ENABLE_STRICT_OBJC_MSGSEND = YES;
				GCC_C_LANGUAGE_STANDARD = gnu99;
				GCC_NO_COMMON_BLOCKS = YES;
				GCC_WARN_64_TO_32_BIT_CONVERSION = YES;
				GCC_WARN_ABOUT_RETURN_TYPE = YES_ERROR;
				GCC_WARN_UNDECLARED_SELECTOR = YES;
				GCC_WARN_UNINITIALIZED_AUTOS = YES_AGGRESSIVE;
				GCC_WARN_UNUSED_FUNCTION = YES;
				GCC_WARN_UNUSED_VARIABLE = YES;
				IPHONEOS_DEPLOYMENT_TARGET = 10.1;
				MTL_ENABLE_DEBUG_INFO = NO;
				SDKROOT = iphoneos;
				VALIDATE_PRODUCT = YES;
			};
			name = Release;
		};
		05A021291DDED86D001DD465 /* Debug */ = {
			isa = XCBuildConfiguration;
			buildSettings = {
				ASSETCATALOG_COMPILER_APPICON_NAME = AppIcon;
				DEVELOPMENT_TEAM = 7DBWPU265V;
				INFOPLIST_FILE = ShowImageDemo/Info.plist;
				LD_RUNPATH_SEARCH_PATHS = "$(inherited) @executable_path/Frameworks";
				PRODUCT_BUNDLE_IDENTIFIER = com.haidai.ShowImageDemo;
				PRODUCT_NAME = "$(TARGET_NAME)";
			};
			name = Debug;
		};
		05A0212A1DDED86D001DD465 /* Release */ = {
			isa = XCBuildConfiguration;
			buildSettings = {
				ASSETCATALOG_COMPILER_APPICON_NAME = AppIcon;
				DEVELOPMENT_TEAM = 7DBWPU265V;
				INFOPLIST_FILE = ShowImageDemo/Info.plist;
				LD_RUNPATH_SEARCH_PATHS = "$(inherited) @executable_path/Frameworks";
				PRODUCT_BUNDLE_IDENTIFIER = com.haidai.ShowImageDemo;
				PRODUCT_NAME = "$(TARGET_NAME)";
			};
			name = Release;
		};
		05A0212C1DDED86D001DD465 /* Debug */ = {
			isa = XCBuildConfiguration;
			buildSettings = {
				BUNDLE_LOADER = "$(TEST_HOST)";
				DEVELOPMENT_TEAM = 7DBWPU265V;
				INFOPLIST_FILE = ShowImageDemoTests/Info.plist;
				LD_RUNPATH_SEARCH_PATHS = "$(inherited) @executable_path/Frameworks @loader_path/Frameworks";
				PRODUCT_BUNDLE_IDENTIFIER = com.haidai.ShowImageDemoTests;
				PRODUCT_NAME = "$(TARGET_NAME)";
				TEST_HOST = "$(BUILT_PRODUCTS_DIR)/ShowImageDemo.app/ShowImageDemo";
			};
			name = Debug;
		};
		05A0212D1DDED86D001DD465 /* Release */ = {
			isa = XCBuildConfiguration;
			buildSettings = {
				BUNDLE_LOADER = "$(TEST_HOST)";
				DEVELOPMENT_TEAM = 7DBWPU265V;
				INFOPLIST_FILE = ShowImageDemoTests/Info.plist;
				LD_RUNPATH_SEARCH_PATHS = "$(inherited) @executable_path/Frameworks @loader_path/Frameworks";
				PRODUCT_BUNDLE_IDENTIFIER = com.haidai.ShowImageDemoTests;
				PRODUCT_NAME = "$(TARGET_NAME)";
				TEST_HOST = "$(BUILT_PRODUCTS_DIR)/ShowImageDemo.app/ShowImageDemo";
			};
			name = Release;
		};
		05A0212F1DDED86D001DD465 /* Debug */ = {
			isa = XCBuildConfiguration;
			buildSettings = {
				DEVELOPMENT_TEAM = 7DBWPU265V;
				INFOPLIST_FILE = ShowImageDemoUITests/Info.plist;
				LD_RUNPATH_SEARCH_PATHS = "$(inherited) @executable_path/Frameworks @loader_path/Frameworks";
				PRODUCT_BUNDLE_IDENTIFIER = com.haidai.ShowImageDemoUITests;
				PRODUCT_NAME = "$(TARGET_NAME)";
				TEST_TARGET_NAME = ShowImageDemo;
			};
			name = Debug;
		};
		05A021301DDED86D001DD465 /* Release */ = {
			isa = XCBuildConfiguration;
			buildSettings = {
				DEVELOPMENT_TEAM = 7DBWPU265V;
				INFOPLIST_FILE = ShowImageDemoUITests/Info.plist;
				LD_RUNPATH_SEARCH_PATHS = "$(inherited) @executable_path/Frameworks @loader_path/Frameworks";
				PRODUCT_BUNDLE_IDENTIFIER = com.haidai.ShowImageDemoUITests;
				PRODUCT_NAME = "$(TARGET_NAME)";
				TEST_TARGET_NAME = ShowImageDemo;
			};
			name = Release;
		};
/* End XCBuildConfiguration section */

/* Begin XCConfigurationList section */
		05A020F61DDED86D001DD465 /* Build configuration list for PBXProject "ShowImageDemo" */ = {
			isa = XCConfigurationList;
			buildConfigurations = (
				05A021261DDED86D001DD465 /* Debug */,
				05A021271DDED86D001DD465 /* Release */,
			);
			defaultConfigurationIsVisible = 0;
			defaultConfigurationName = Release;
		};
		05A021281DDED86D001DD465 /* Build configuration list for PBXNativeTarget "ShowImageDemo" */ = {
			isa = XCConfigurationList;
			buildConfigurations = (
				05A021291DDED86D001DD465 /* Debug */,
				05A0212A1DDED86D001DD465 /* Release */,
			);
			defaultConfigurationIsVisible = 0;
		};
		05A0212B1DDED86D001DD465 /* Build configuration list for PBXNativeTarget "ShowImageDemoTests" */ = {
			isa = XCConfigurationList;
			buildConfigurations = (
				05A0212C1DDED86D001DD465 /* Debug */,
				05A0212D1DDED86D001DD465 /* Release */,
			);
			defaultConfigurationIsVisible = 0;
		};
		05A0212E1DDED86D001DD465 /* Build configuration list for PBXNativeTarget "ShowImageDemoUITests" */ = {
			isa = XCConfigurationList;
			buildConfigurations = (
				05A0212F1DDED86D001DD465 /* Debug */,
				05A021301DDED86D001DD465 /* Release */,
			);
			defaultConfigurationIsVisible = 0;
		};
/* End XCConfigurationList section */
	};
	rootObject = 05A020F31DDED86D001DD465 /* Project object */;
}
